
Microsoft Visual Studio Solution File, Format Version 12.00
# Visual Studio 2012
Project("{2150E333-8FDC-42A3-9474-1A3956D46DE8}") = ".nuget", ".nuget", "{6E6D72E8-486B-48BE-85BA-603B0C2012A0}"
	ProjectSection(SolutionItems) = preProject
		.nuget\NuGet.Config = .nuget\NuGet.Config
		.nuget\NuGet.exe = .nuget\NuGet.exe
		.nuget\NuGet.targets = .nuget\NuGet.targets
	EndProjectSection
EndProject
Project("{2150E333-8FDC-42A3-9474-1A3956D46DE8}") = "client", "client", "{98B7E69B-DF2D-4E33-AF47-CA6FD6E08B12}"
	ProjectSection(SolutionItems) = preProject
		..\BERConProtocol.txt = ..\BERConProtocol.txt
		Settings.StyleCop = Settings.StyleCop
	EndProjectSection
EndProject
Project("{2150E333-8FDC-42A3-9474-1A3956D46DE8}") = "SQL", "SQL", "{73A203AA-688D-417D-BB27-EB57C45CCF35}"
	ProjectSection(SolutionItems) = preProject
		SQL\createBNetDb.sql = SQL\createBNetDb.sql
	EndProjectSection
EndProject
Project("{FAE04EC0-301F-11D3-BF4B-00C04F79EFBC}") = "bnet.client", "bnet.client\bnet.client.csproj", "{F1C5E9B6-4050-4591-B91E-21CFAB0E8E1C}"
EndProject
Project("{FAE04EC0-301F-11D3-BF4B-00C04F79EFBC}") = "bnet.client.Tests", "bnet.client.Tests\bnet.client.Tests.csproj", "{9EF9969E-EAF0-49B3-9AFD-73B237B749F3}"
EndProject
Project("{FAE04EC0-301F-11D3-BF4B-00C04F79EFBC}") = "bnet.WinClient", "bnet.WinClient\bnet.WinClient.csproj", "{E39F91F7-608D-48F8-B27C-3E4ACB85FA6C}"
EndProject
Project("{F088123C-0E9E-452A-89E6-6BA2F21D5CAC}") = "bnet.arch", "bnet.arch\bnet.arch.modelproj", "{12010CC3-2AA6-4CE6-8EFE-25B45B070F85}"
EndProject
Global
	GlobalSection(SolutionConfigurationPlatforms) = preSolution
		Debug|Any CPU = Debug|Any CPU
		Debug|Mixed Platforms = Debug|Mixed Platforms
		Debug|x86 = Debug|x86
		Release|Any CPU = Release|Any CPU
		Release|Mixed Platforms = Release|Mixed Platforms
		Release|x86 = Release|x86
		Trace|Any CPU = Trace|Any CPU
		Trace|Mixed Platforms = Trace|Mixed Platforms
		Trace|x86 = Trace|x86
	EndGlobalSection
	GlobalSection(ProjectConfigurationPlatforms) = postSolution
		{F1C5E9B6-4050-4591-B91E-21CFAB0E8E1C}.Debug|Any CPU.ActiveCfg = Debug|Any CPU
		{F1C5E9B6-4050-4591-B91E-21CFAB0E8E1C}.Debug|Any CPU.Build.0 = Debug|Any CPU
		{F1C5E9B6-4050-4591-B91E-21CFAB0E8E1C}.Debug|Mixed Platforms.ActiveCfg = Debug|Any CPU
		{F1C5E9B6-4050-4591-B91E-21CFAB0E8E1C}.Debug|Mixed Platforms.Build.0 = Debug|Any CPU
		{F1C5E9B6-4050-4591-B91E-21CFAB0E8E1C}.Debug|x86.ActiveCfg = Debug|Any CPU
		{F1C5E9B6-4050-4591-B91E-21CFAB0E8E1C}.Release|Any CPU.ActiveCfg = Release|Any CPU
		{F1C5E9B6-4050-4591-B91E-21CFAB0E8E1C}.Release|Any CPU.Build.0 = Release|Any CPU
		{F1C5E9B6-4050-4591-B91E-21CFAB0E8E1C}.Release|Mixed Platforms.ActiveCfg = Release|Any CPU
		{F1C5E9B6-4050-4591-B91E-21CFAB0E8E1C}.Release|Mixed Platforms.Build.0 = Release|Any CPU
		{F1C5E9B6-4050-4591-B91E-21CFAB0E8E1C}.Release|x86.ActiveCfg = Release|Any CPU
		{F1C5E9B6-4050-4591-B91E-21CFAB0E8E1C}.Trace|Any CPU.ActiveCfg = Trace|Any CPU
		{F1C5E9B6-4050-4591-B91E-21CFAB0E8E1C}.Trace|Any CPU.Build.0 = Trace|Any CPU
		{F1C5E9B6-4050-4591-B91E-21CFAB0E8E1C}.Trace|Mixed Platforms.ActiveCfg = Trace|Any CPU
		{F1C5E9B6-4050-4591-B91E-21CFAB0E8E1C}.Trace|Mixed Platforms.Build.0 = Trace|Any CPU
		{F1C5E9B6-4050-4591-B91E-21CFAB0E8E1C}.Trace|x86.ActiveCfg = Trace|Any CPU
		{9EF9969E-EAF0-49B3-9AFD-73B237B749F3}.Debug|Any CPU.ActiveCfg = Debug|Any CPU
		{9EF9969E-EAF0-49B3-9AFD-73B237B749F3}.Debug|Any CPU.Build.0 = Debug|Any CPU
		{9EF9969E-EAF0-49B3-9AFD-73B237B749F3}.Debug|Mixed Platforms.ActiveCfg = Debug|Any CPU
		{9EF9969E-EAF0-49B3-9AFD-73B237B749F3}.Debug|Mixed Platforms.Build.0 = Debug|Any CPU
		{9EF9969E-EAF0-49B3-9AFD-73B237B749F3}.Debug|x86.ActiveCfg = Debug|Any CPU
		{9EF9969E-EAF0-49B3-9AFD-73B237B749F3}.Release|Any CPU.ActiveCfg = Release|Any CPU
		{9EF9969E-EAF0-49B3-9AFD-73B237B749F3}.Release|Any CPU.Build.0 = Release|Any CPU
		{9EF9969E-EAF0-49B3-9AFD-73B237B749F3}.Release|Mixed Platforms.ActiveCfg = Release|Any CPU
		{9EF9969E-EAF0-49B3-9AFD-73B237B749F3}.Release|Mixed Platforms.Build.0 = Release|Any CPU
		{9EF9969E-EAF0-49B3-9AFD-73B237B749F3}.Release|x86.ActiveCfg = Release|Any CPU
		{9EF9969E-EAF0-49B3-9AFD-73B237B749F3}.Trace|Any CPU.ActiveCfg = Trace|Any CPU
		{9EF9969E-EAF0-49B3-9AFD-73B237B749F3}.Trace|Any CPU.Build.0 = Trace|Any CPU
		{9EF9969E-EAF0-49B3-9AFD-73B237B749F3}.Trace|Mixed Platforms.ActiveCfg = Trace|Any CPU
		{9EF9969E-EAF0-49B3-9AFD-73B237B749F3}.Trace|Mixed Platforms.Build.0 = Trace|Any CPU
		{9EF9969E-EAF0-49B3-9AFD-73B237B749F3}.Trace|x86.ActiveCfg = Trace|Any CPU
		{E39F91F7-608D-48F8-B27C-3E4ACB85FA6C}.Debug|Any CPU.ActiveCfg = Debug|Any CPU
		{E39F91F7-608D-48F8-B27C-3E4ACB85FA6C}.Debug|Any CPU.Build.0 = Debug|Any CPU
		{E39F91F7-608D-48F8-B27C-3E4ACB85FA6C}.Debug|Mixed Platforms.ActiveCfg = Debug|Any CPU
		{E39F91F7-608D-48F8-B27C-3E4ACB85FA6C}.Debug|Mixed Platforms.Build.0 = Debug|Any CPU
		{E39F91F7-608D-48F8-B27C-3E4ACB85FA6C}.Debug|x86.ActiveCfg = Debug|Any CPU
		{E39F91F7-608D-48F8-B27C-3E4ACB85FA6C}.Release|Any CPU.ActiveCfg = Release|Any CPU
		{E39F91F7-608D-48F8-B27C-3E4ACB85FA6C}.Release|Any CPU.Build.0 = Release|Any CPU
		{E39F91F7-608D-48F8-B27C-3E4ACB85FA6C}.Release|Mixed Platforms.ActiveCfg = Release|Any CPU
		{E39F91F7-608D-48F8-B27C-3E4ACB85FA6C}.Release|Mixed Platforms.Build.0 = Release|Any CPU
		{E39F91F7-608D-48F8-B27C-3E4ACB85FA6C}.Release|x86.ActiveCfg = Release|Any CPU
		{E39F91F7-608D-48F8-B27C-3E4ACB85FA6C}.Trace|Any CPU.ActiveCfg = Trace|Any CPU
		{E39F91F7-608D-48F8-B27C-3E4ACB85FA6C}.Trace|Any CPU.Build.0 = Trace|Any CPU
		{E39F91F7-608D-48F8-B27C-3E4ACB85FA6C}.Trace|Mixed Platforms.ActiveCfg = Trace|Any CPU
		{E39F91F7-608D-48F8-B27C-3E4ACB85FA6C}.Trace|Mixed Platforms.Build.0 = Trace|Any CPU
		{E39F91F7-608D-48F8-B27C-3E4ACB85FA6C}.Trace|x86.ActiveCfg = Trace|Any CPU
		{12010CC3-2AA6-4CE6-8EFE-25B45B070F85}.Debug|Any CPU.ActiveCfg = Debug|Any CPU
		{12010CC3-2AA6-4CE6-8EFE-25B45B070F85}.Debug|Any CPU.Build.0 = Debug|Any CPU
		{12010CC3-2AA6-4CE6-8EFE-25B45B070F85}.Debug|Mixed Platforms.ActiveCfg = Debug|Any CPU
		{12010CC3-2AA6-4CE6-8EFE-25B45B070F85}.Debug|Mixed Platforms.Build.0 = Debug|Any CPU
		{12010CC3-2AA6-4CE6-8EFE-25B45B070F85}.Debug|x86.ActiveCfg = Debug|Any CPU
		{12010CC3-2AA6-4CE6-8EFE-25B45B070F85}.Release|Any CPU.ActiveCfg = Release|Any CPU
		{12010CC3-2AA6-4CE6-8EFE-25B45B070F85}.Release|Any CPU.Build.0 = Release|Any CPU
		{12010CC3-2AA6-4CE6-8EFE-25B45B070F85}.Release|Mixed Platforms.ActiveCfg = Release|Any CPU
		{12010CC3-2AA6-4CE6-8EFE-25B45B070F85}.Release|Mixed Platforms.Build.0 = Release|Any CPU
		{12010CC3-2AA6-4CE6-8EFE-25B45B070F85}.Release|x86.ActiveCfg = Release|Any CPU
		{12010CC3-2AA6-4CE6-8EFE-25B45B070F85}.Trace|Any CPU.ActiveCfg = Trace|Any CPU
		{12010CC3-2AA6-4CE6-8EFE-25B45B070F85}.Trace|Any CPU.Build.0 = Trace|Any CPU
		{12010CC3-2AA6-4CE6-8EFE-25B45B070F85}.Trace|Mixed Platforms.ActiveCfg = Trace|Any CPU
		{12010CC3-2AA6-4CE6-8EFE-25B45B070F85}.Trace|Mixed Platforms.Build.0 = Trace|Any CPU
		{12010CC3-2AA6-4CE6-8EFE-25B45B070F85}.Trace|x86.ActiveCfg = Trace|Any CPU
	EndGlobalSection
	GlobalSection(SolutionProperties) = preSolution
		HideSolutionNode = FALSE
	EndGlobalSection
	GlobalSection(NestedProjects) = preSolution
		{73A203AA-688D-417D-BB27-EB57C45CCF35} = {98B7E69B-DF2D-4E33-AF47-CA6FD6E08B12}
		{F1C5E9B6-4050-4591-B91E-21CFAB0E8E1C} = {98B7E69B-DF2D-4E33-AF47-CA6FD6E08B12}
		{9EF9969E-EAF0-49B3-9AFD-73B237B749F3} = {98B7E69B-DF2D-4E33-AF47-CA6FD6E08B12}
		{E39F91F7-608D-48F8-B27C-3E4ACB85FA6C} = {98B7E69B-DF2D-4E33-AF47-CA6FD6E08B12}
		{12010CC3-2AA6-4CE6-8EFE-25B45B070F85} = {98B7E69B-DF2D-4E33-AF47-CA6FD6E08B12}
	EndGlobalSection
EndGlobal
