
Microsoft Visual Studio Solution File, Format Version 12.00
# Visual Studio 2012
Project("{FAE04EC0-301F-11D3-BF4B-00C04F79EFBC}") = "BattleNET", "..\BattleNET\BattleNET.csproj", "{4FBB3734-215B-45B1-BDBC-0EFA156A6900}"
EndProject
Project("{2150E333-8FDC-42A3-9474-1A3956D46DE8}") = ".nuget", ".nuget", "{6E6D72E8-486B-48BE-85BA-603B0C2012A0}"
	ProjectSection(SolutionItems) = preProject
		.nuget\NuGet.Config = .nuget\NuGet.Config
		.nuget\NuGet.exe = .nuget\NuGet.exe
		.nuget\NuGet.targets = .nuget\NuGet.targets
	EndProjectSection
EndProject
Project("{2150E333-8FDC-42A3-9474-1A3956D46DE8}") = "bnet", "bnet", "{98B7E69B-DF2D-4E33-AF47-CA6FD6E08B12}"
	ProjectSection(SolutionItems) = preProject
		..\BERConProtocol.txt = ..\BERConProtocol.txt
		Settings.StyleCop = Settings.StyleCop
	EndProjectSection
EndProject
Project("{FAE04EC0-301F-11D3-BF4B-00C04F79EFBC}") = "bnet.BaseCommands", "bnet.BaseCommands\bnet.BaseCommands.csproj", "{282647EF-454F-4D46-A68F-1EF88F8A82B1}"
EndProject
Project("{FAE04EC0-301F-11D3-BF4B-00C04F79EFBC}") = "bnet", "bnet\bnet.csproj", "{21394EAE-1D50-45BB-A196-37966E69AA73}"
EndProject
Project("{FAE04EC0-301F-11D3-BF4B-00C04F79EFBC}") = "bnet.IoC", "bnet.IoC\bnet.IoC.csproj", "{3C948B25-A0E8-4231-9A48-37C371D5BF5C}"
EndProject
Project("{FAE04EC0-301F-11D3-BF4B-00C04F79EFBC}") = "bnet.AdvCommands", "bnet.AdvCommands\bnet.AdvCommands.csproj", "{3F6CE411-2B7B-40E5-AA54-CCC5E01C7380}"
EndProject
Project("{FAE04EC0-301F-11D3-BF4B-00C04F79EFBC}") = "bnet.Tests", "bnet.Tests\bnet.Tests.csproj", "{A888CB03-BA00-4611-B761-910989499337}"
EndProject
Project("{2150E333-8FDC-42A3-9474-1A3956D46DE8}") = "SQL", "SQL", "{73A203AA-688D-417D-BB27-EB57C45CCF35}"
	ProjectSection(SolutionItems) = preProject
		SQL\createBNetDb.sql = SQL\createBNetDb.sql
	EndProjectSection
EndProject
Project("{FAE04EC0-301F-11D3-BF4B-00C04F79EFBC}") = "bnet.client", "bnet.client\bnet.client.csproj", "{F1C5E9B6-4050-4591-B91E-21CFAB0E8E1C}"
EndProject
Project("{FAE04EC0-301F-11D3-BF4B-00C04F79EFBC}") = "bnet.client.Tests", "bnet.client.Tests\bnet.client.Tests.csproj", "{9EF9969E-EAF0-49B3-9AFD-73B237B749F3}"
EndProject
Project("{FAE04EC0-301F-11D3-BF4B-00C04F79EFBC}") = "bnet.WinClient", "bnet.WinClient\bnet.WinClient.csproj", "{E39F91F7-608D-48F8-B27C-3E4ACB85FA6C}"
EndProject
Project("{F088123C-0E9E-452A-89E6-6BA2F21D5CAC}") = "bnet.arch", "bnet.arch\bnet.arch.modelproj", "{12010CC3-2AA6-4CE6-8EFE-25B45B070F85}"
EndProject
Global
	GlobalSection(SolutionConfigurationPlatforms) = preSolution
		Debug|Any CPU = Debug|Any CPU
		Debug|Mixed Platforms = Debug|Mixed Platforms
		Debug|x86 = Debug|x86
		Release|Any CPU = Release|Any CPU
		Release|Mixed Platforms = Release|Mixed Platforms
		Release|x86 = Release|x86
	EndGlobalSection
	GlobalSection(ProjectConfigurationPlatforms) = postSolution
		{4FBB3734-215B-45B1-BDBC-0EFA156A6900}.Debug|Any CPU.ActiveCfg = Debug|Any CPU
		{4FBB3734-215B-45B1-BDBC-0EFA156A6900}.Debug|Any CPU.Build.0 = Debug|Any CPU
		{4FBB3734-215B-45B1-BDBC-0EFA156A6900}.Debug|Mixed Platforms.ActiveCfg = Debug|Any CPU
		{4FBB3734-215B-45B1-BDBC-0EFA156A6900}.Debug|Mixed Platforms.Build.0 = Debug|Any CPU
		{4FBB3734-215B-45B1-BDBC-0EFA156A6900}.Debug|x86.ActiveCfg = Debug|Any CPU
		{4FBB3734-215B-45B1-BDBC-0EFA156A6900}.Release|Any CPU.ActiveCfg = Release|Any CPU
		{4FBB3734-215B-45B1-BDBC-0EFA156A6900}.Release|Any CPU.Build.0 = Release|Any CPU
		{4FBB3734-215B-45B1-BDBC-0EFA156A6900}.Release|Mixed Platforms.ActiveCfg = Release|Any CPU
		{4FBB3734-215B-45B1-BDBC-0EFA156A6900}.Release|Mixed Platforms.Build.0 = Release|Any CPU
		{4FBB3734-215B-45B1-BDBC-0EFA156A6900}.Release|x86.ActiveCfg = Release|Any CPU
		{282647EF-454F-4D46-A68F-1EF88F8A82B1}.Debug|Any CPU.ActiveCfg = Debug|Any CPU
		{282647EF-454F-4D46-A68F-1EF88F8A82B1}.Debug|Any CPU.Build.0 = Debug|Any CPU
		{282647EF-454F-4D46-A68F-1EF88F8A82B1}.Debug|Mixed Platforms.ActiveCfg = Debug|Any CPU
		{282647EF-454F-4D46-A68F-1EF88F8A82B1}.Debug|Mixed Platforms.Build.0 = Debug|Any CPU
		{282647EF-454F-4D46-A68F-1EF88F8A82B1}.Debug|x86.ActiveCfg = Debug|Any CPU
		{282647EF-454F-4D46-A68F-1EF88F8A82B1}.Release|Any CPU.ActiveCfg = Release|Any CPU
		{282647EF-454F-4D46-A68F-1EF88F8A82B1}.Release|Any CPU.Build.0 = Release|Any CPU
		{282647EF-454F-4D46-A68F-1EF88F8A82B1}.Release|Mixed Platforms.ActiveCfg = Release|Any CPU
		{282647EF-454F-4D46-A68F-1EF88F8A82B1}.Release|Mixed Platforms.Build.0 = Release|Any CPU
		{282647EF-454F-4D46-A68F-1EF88F8A82B1}.Release|x86.ActiveCfg = Release|Any CPU
		{21394EAE-1D50-45BB-A196-37966E69AA73}.Debug|Any CPU.ActiveCfg = Debug|x86
		{21394EAE-1D50-45BB-A196-37966E69AA73}.Debug|Mixed Platforms.ActiveCfg = Debug|x86
		{21394EAE-1D50-45BB-A196-37966E69AA73}.Debug|Mixed Platforms.Build.0 = Debug|x86
		{21394EAE-1D50-45BB-A196-37966E69AA73}.Debug|x86.ActiveCfg = Debug|x86
		{21394EAE-1D50-45BB-A196-37966E69AA73}.Debug|x86.Build.0 = Debug|x86
		{21394EAE-1D50-45BB-A196-37966E69AA73}.Release|Any CPU.ActiveCfg = Release|x86
		{21394EAE-1D50-45BB-A196-37966E69AA73}.Release|Mixed Platforms.ActiveCfg = Release|x86
		{21394EAE-1D50-45BB-A196-37966E69AA73}.Release|Mixed Platforms.Build.0 = Release|x86
		{21394EAE-1D50-45BB-A196-37966E69AA73}.Release|x86.ActiveCfg = Release|x86
		{21394EAE-1D50-45BB-A196-37966E69AA73}.Release|x86.Build.0 = Release|x86
		{3C948B25-A0E8-4231-9A48-37C371D5BF5C}.Debug|Any CPU.ActiveCfg = Debug|Any CPU
		{3C948B25-A0E8-4231-9A48-37C371D5BF5C}.Debug|Any CPU.Build.0 = Debug|Any CPU
		{3C948B25-A0E8-4231-9A48-37C371D5BF5C}.Debug|Mixed Platforms.ActiveCfg = Debug|Any CPU
		{3C948B25-A0E8-4231-9A48-37C371D5BF5C}.Debug|Mixed Platforms.Build.0 = Debug|Any CPU
		{3C948B25-A0E8-4231-9A48-37C371D5BF5C}.Debug|x86.ActiveCfg = Debug|Any CPU
		{3C948B25-A0E8-4231-9A48-37C371D5BF5C}.Release|Any CPU.ActiveCfg = Release|Any CPU
		{3C948B25-A0E8-4231-9A48-37C371D5BF5C}.Release|Any CPU.Build.0 = Release|Any CPU
		{3C948B25-A0E8-4231-9A48-37C371D5BF5C}.Release|Mixed Platforms.ActiveCfg = Release|Any CPU
		{3C948B25-A0E8-4231-9A48-37C371D5BF5C}.Release|Mixed Platforms.Build.0 = Release|Any CPU
		{3C948B25-A0E8-4231-9A48-37C371D5BF5C}.Release|x86.ActiveCfg = Release|Any CPU
		{3F6CE411-2B7B-40E5-AA54-CCC5E01C7380}.Debug|Any CPU.ActiveCfg = Debug|Any CPU
		{3F6CE411-2B7B-40E5-AA54-CCC5E01C7380}.Debug|Any CPU.Build.0 = Debug|Any CPU
		{3F6CE411-2B7B-40E5-AA54-CCC5E01C7380}.Debug|Mixed Platforms.ActiveCfg = Debug|Any CPU
		{3F6CE411-2B7B-40E5-AA54-CCC5E01C7380}.Debug|Mixed Platforms.Build.0 = Debug|Any CPU
		{3F6CE411-2B7B-40E5-AA54-CCC5E01C7380}.Debug|x86.ActiveCfg = Debug|Any CPU
		{3F6CE411-2B7B-40E5-AA54-CCC5E01C7380}.Release|Any CPU.ActiveCfg = Release|Any CPU
		{3F6CE411-2B7B-40E5-AA54-CCC5E01C7380}.Release|Any CPU.Build.0 = Release|Any CPU
		{3F6CE411-2B7B-40E5-AA54-CCC5E01C7380}.Release|Mixed Platforms.ActiveCfg = Release|Any CPU
		{3F6CE411-2B7B-40E5-AA54-CCC5E01C7380}.Release|Mixed Platforms.Build.0 = Release|Any CPU
		{3F6CE411-2B7B-40E5-AA54-CCC5E01C7380}.Release|x86.ActiveCfg = Release|Any CPU
		{A888CB03-BA00-4611-B761-910989499337}.Debug|Any CPU.ActiveCfg = Debug|Any CPU
		{A888CB03-BA00-4611-B761-910989499337}.Debug|Any CPU.Build.0 = Debug|Any CPU
		{A888CB03-BA00-4611-B761-910989499337}.Debug|Mixed Platforms.ActiveCfg = Debug|Any CPU
		{A888CB03-BA00-4611-B761-910989499337}.Debug|Mixed Platforms.Build.0 = Debug|Any CPU
		{A888CB03-BA00-4611-B761-910989499337}.Debug|x86.ActiveCfg = Debug|Any CPU
		{A888CB03-BA00-4611-B761-910989499337}.Release|Any CPU.ActiveCfg = Release|Any CPU
		{A888CB03-BA00-4611-B761-910989499337}.Release|Any CPU.Build.0 = Release|Any CPU
		{A888CB03-BA00-4611-B761-910989499337}.Release|Mixed Platforms.ActiveCfg = Release|Any CPU
		{A888CB03-BA00-4611-B761-910989499337}.Release|Mixed Platforms.Build.0 = Release|Any CPU
		{A888CB03-BA00-4611-B761-910989499337}.Release|x86.ActiveCfg = Release|Any CPU
		{F1C5E9B6-4050-4591-B91E-21CFAB0E8E1C}.Debug|Any CPU.ActiveCfg = Debug|Any CPU
		{F1C5E9B6-4050-4591-B91E-21CFAB0E8E1C}.Debug|Any CPU.Build.0 = Debug|Any CPU
		{F1C5E9B6-4050-4591-B91E-21CFAB0E8E1C}.Debug|Mixed Platforms.ActiveCfg = Debug|Any CPU
		{F1C5E9B6-4050-4591-B91E-21CFAB0E8E1C}.Debug|Mixed Platforms.Build.0 = Debug|Any CPU
		{F1C5E9B6-4050-4591-B91E-21CFAB0E8E1C}.Debug|x86.ActiveCfg = Debug|Any CPU
		{F1C5E9B6-4050-4591-B91E-21CFAB0E8E1C}.Release|Any CPU.ActiveCfg = Release|Any CPU
		{F1C5E9B6-4050-4591-B91E-21CFAB0E8E1C}.Release|Any CPU.Build.0 = Release|Any CPU
		{F1C5E9B6-4050-4591-B91E-21CFAB0E8E1C}.Release|Mixed Platforms.ActiveCfg = Release|Any CPU
		{F1C5E9B6-4050-4591-B91E-21CFAB0E8E1C}.Release|Mixed Platforms.Build.0 = Release|Any CPU
		{F1C5E9B6-4050-4591-B91E-21CFAB0E8E1C}.Release|x86.ActiveCfg = Release|Any CPU
		{9EF9969E-EAF0-49B3-9AFD-73B237B749F3}.Debug|Any CPU.ActiveCfg = Debug|Any CPU
		{9EF9969E-EAF0-49B3-9AFD-73B237B749F3}.Debug|Any CPU.Build.0 = Debug|Any CPU
		{9EF9969E-EAF0-49B3-9AFD-73B237B749F3}.Debug|Mixed Platforms.ActiveCfg = Debug|Any CPU
		{9EF9969E-EAF0-49B3-9AFD-73B237B749F3}.Debug|Mixed Platforms.Build.0 = Debug|Any CPU
		{9EF9969E-EAF0-49B3-9AFD-73B237B749F3}.Debug|x86.ActiveCfg = Debug|Any CPU
		{9EF9969E-EAF0-49B3-9AFD-73B237B749F3}.Release|Any CPU.ActiveCfg = Release|Any CPU
		{9EF9969E-EAF0-49B3-9AFD-73B237B749F3}.Release|Any CPU.Build.0 = Release|Any CPU
		{9EF9969E-EAF0-49B3-9AFD-73B237B749F3}.Release|Mixed Platforms.ActiveCfg = Release|Any CPU
		{9EF9969E-EAF0-49B3-9AFD-73B237B749F3}.Release|Mixed Platforms.Build.0 = Release|Any CPU
		{9EF9969E-EAF0-49B3-9AFD-73B237B749F3}.Release|x86.ActiveCfg = Release|Any CPU
		{E39F91F7-608D-48F8-B27C-3E4ACB85FA6C}.Debug|Any CPU.ActiveCfg = Debug|Any CPU
		{E39F91F7-608D-48F8-B27C-3E4ACB85FA6C}.Debug|Any CPU.Build.0 = Debug|Any CPU
		{E39F91F7-608D-48F8-B27C-3E4ACB85FA6C}.Debug|Mixed Platforms.ActiveCfg = Debug|Any CPU
		{E39F91F7-608D-48F8-B27C-3E4ACB85FA6C}.Debug|Mixed Platforms.Build.0 = Debug|Any CPU
		{E39F91F7-608D-48F8-B27C-3E4ACB85FA6C}.Debug|x86.ActiveCfg = Debug|Any CPU
		{E39F91F7-608D-48F8-B27C-3E4ACB85FA6C}.Release|Any CPU.ActiveCfg = Release|Any CPU
		{E39F91F7-608D-48F8-B27C-3E4ACB85FA6C}.Release|Any CPU.Build.0 = Release|Any CPU
		{E39F91F7-608D-48F8-B27C-3E4ACB85FA6C}.Release|Mixed Platforms.ActiveCfg = Release|Any CPU
		{E39F91F7-608D-48F8-B27C-3E4ACB85FA6C}.Release|Mixed Platforms.Build.0 = Release|Any CPU
		{E39F91F7-608D-48F8-B27C-3E4ACB85FA6C}.Release|x86.ActiveCfg = Release|Any CPU
		{12010CC3-2AA6-4CE6-8EFE-25B45B070F85}.Debug|Any CPU.ActiveCfg = Debug|Any CPU
		{12010CC3-2AA6-4CE6-8EFE-25B45B070F85}.Debug|Any CPU.Build.0 = Debug|Any CPU
		{12010CC3-2AA6-4CE6-8EFE-25B45B070F85}.Debug|Mixed Platforms.ActiveCfg = Debug|Any CPU
		{12010CC3-2AA6-4CE6-8EFE-25B45B070F85}.Debug|Mixed Platforms.Build.0 = Debug|Any CPU
		{12010CC3-2AA6-4CE6-8EFE-25B45B070F85}.Debug|x86.ActiveCfg = Debug|Any CPU
		{12010CC3-2AA6-4CE6-8EFE-25B45B070F85}.Release|Any CPU.ActiveCfg = Release|Any CPU
		{12010CC3-2AA6-4CE6-8EFE-25B45B070F85}.Release|Any CPU.Build.0 = Release|Any CPU
		{12010CC3-2AA6-4CE6-8EFE-25B45B070F85}.Release|Mixed Platforms.ActiveCfg = Release|Any CPU
		{12010CC3-2AA6-4CE6-8EFE-25B45B070F85}.Release|Mixed Platforms.Build.0 = Release|Any CPU
		{12010CC3-2AA6-4CE6-8EFE-25B45B070F85}.Release|x86.ActiveCfg = Release|Any CPU
	EndGlobalSection
	GlobalSection(SolutionProperties) = preSolution
		HideSolutionNode = FALSE
	EndGlobalSection
	GlobalSection(NestedProjects) = preSolution
		{282647EF-454F-4D46-A68F-1EF88F8A82B1} = {98B7E69B-DF2D-4E33-AF47-CA6FD6E08B12}
		{21394EAE-1D50-45BB-A196-37966E69AA73} = {98B7E69B-DF2D-4E33-AF47-CA6FD6E08B12}
		{3C948B25-A0E8-4231-9A48-37C371D5BF5C} = {98B7E69B-DF2D-4E33-AF47-CA6FD6E08B12}
		{3F6CE411-2B7B-40E5-AA54-CCC5E01C7380} = {98B7E69B-DF2D-4E33-AF47-CA6FD6E08B12}
		{A888CB03-BA00-4611-B761-910989499337} = {98B7E69B-DF2D-4E33-AF47-CA6FD6E08B12}
		{73A203AA-688D-417D-BB27-EB57C45CCF35} = {98B7E69B-DF2D-4E33-AF47-CA6FD6E08B12}
		{F1C5E9B6-4050-4591-B91E-21CFAB0E8E1C} = {98B7E69B-DF2D-4E33-AF47-CA6FD6E08B12}
		{9EF9969E-EAF0-49B3-9AFD-73B237B749F3} = {98B7E69B-DF2D-4E33-AF47-CA6FD6E08B12}
		{E39F91F7-608D-48F8-B27C-3E4ACB85FA6C} = {98B7E69B-DF2D-4E33-AF47-CA6FD6E08B12}
		{12010CC3-2AA6-4CE6-8EFE-25B45B070F85} = {98B7E69B-DF2D-4E33-AF47-CA6FD6E08B12}
	EndGlobalSection
EndGlobal
